./AUTOTEST/.*.out
./AUTOTEST/.*.fil
./AUTOTEST/.*.err
./AUTOTEST/.*.log
./AUTOTEST/runtests-.*
./src/test/struct_migrate
./src/test/maxwell_unscaled
./src/test/sstruct_fac
./src/test/ams_driver
./src/test/zboxloop
./src/test/ij
./src/test/ij_mv
./src/test/struct
./src/test/sstruct
./src/zerr
./src/config.log
./src/config.status
.gitignore
TVD.v3breakpoints
.vscode
