/HYPRE_config.h:
/_hypre_utilities.h:
/HYPRE_utilities.h:
/utilities/gpuMem.c:
/utilities/mpistubs.c:
/utilities/mpistubs.h:
/parcsr_mv/par_csr_matvec.c:.*MPI_PACK
/parcsr_mv/par_csr_matvec.c:.*MPI_HALO_EXC_SEND
/parcsr_mv/par_csr_matvec.c:.*MPI_HALO_EXC_RECV
/parcsr_mv/par_csr_matvec.c:.*MPI_UNPACK
