/f2c.h:
/HYPRE_config.h:
/hypre_printf.c:
/_hypre_utilities.h:
/HYPRE_utilities.h:
as long as
too long
long range interpolation
long-range interpolation
monstrously long
get a long msg
utilities/hypre_hopscotch_hash.h:  //return _InterlockedCompareExchange
utilities/hypre_hopscotch_hash.h:  //return _InterlockedExchangeAdd
