./AUTOTEST/.*.out
./AUTOTEST/.*.fil
./AUTOTEST/.*.err
./AUTOTEST/.*.log
./AUTOTEST/runtests-.*
./src/test/struct_migrate
./src/test/ams_driver
./src/test/zboxloop
./src/test/ij
./src/test/struct
./src/test/sstruct
./src/test/test_csr_overlap
./src/test/test_matrix_stats
./src/test/test_mp_pcg
./src/test/test_mp_pcg_3d
./AUTOTEST/machine-.*[.]dir/
./src/zerr
./src/config.log
./src/config.status
.gitignore
TVD.v3breakpoints
.vscode
